
Microsoft Visual Studio Solution File, Format Version 12.00
# Visual Studio Version 17
VisualStudioVersion = 17.9.34723.18
MinimumVisualStudioVersion = 10.0.40219.1
Project("{FAE04EC0-301F-11D3-BF4B-00C04F79EFBC}") = "Bt1_maytinh", "Bt1_maytinh\Bt1_maytinh.csproj", "{871E494F-3983-42E6-973F-1068515286C3}"
EndProject
Global
	GlobalSection(SolutionConfigurationPlatforms) = preSolution
		Debug|Any CPU = Debug|Any CPU
		Release|Any CPU = Release|Any CPU
	EndGlobalSection
	GlobalSection(ProjectConfigurationPlatforms) = postSolution
		{871E494F-3983-42E6-973F-1068515286C3}.Debug|Any CPU.ActiveCfg = Debug|Any CPU
		{871E494F-3983-42E6-973F-1068515286C3}.Debug|Any CPU.Build.0 = Debug|Any CPU
		{871E494F-3983-42E6-973F-1068515286C3}.Release|Any CPU.ActiveCfg = Release|Any CPU
		{871E494F-3983-42E6-973F-1068515286C3}.Release|Any CPU.Build.0 = Release|Any CPU
	EndGlobalSection
	GlobalSection(SolutionProperties) = preSolution
		HideSolutionNode = FALSE
	EndGlobalSection
	GlobalSection(ExtensibilityGlobals) = postSolution
		SolutionGuid = {BC6CB3D2-E279-4F31-BF8B-6EE29349CBA0}
	EndGlobalSection
EndGlobal
