
Microsoft Visual Studio Solution File, Format Version 12.00
# Visual Studio Version 17
VisualStudioVersion = 17.9.34723.18
MinimumVisualStudioVersion = 10.0.40219.1
Project("{FAE04EC0-301F-11D3-BF4B-00C04F79EFBC}") = "giaiphuongtrinhbat1'", "giaiphuongtrinhbat1'\giaiphuongtrinhbat1'.csproj", "{2D0994E4-E3A1-475C-AF54-6AE7CD6D5B73}"
EndProject
Global
	GlobalSection(SolutionConfigurationPlatforms) = preSolution
		Debug|Any CPU = Debug|Any CPU
		Release|Any CPU = Release|Any CPU
	EndGlobalSection
	GlobalSection(ProjectConfigurationPlatforms) = postSolution
		{2D0994E4-E3A1-475C-AF54-6AE7CD6D5B73}.Debug|Any CPU.ActiveCfg = Debug|Any CPU
		{2D0994E4-E3A1-475C-AF54-6AE7CD6D5B73}.Debug|Any CPU.Build.0 = Debug|Any CPU
		{2D0994E4-E3A1-475C-AF54-6AE7CD6D5B73}.Release|Any CPU.ActiveCfg = Release|Any CPU
		{2D0994E4-E3A1-475C-AF54-6AE7CD6D5B73}.Release|Any CPU.Build.0 = Release|Any CPU
	EndGlobalSection
	GlobalSection(SolutionProperties) = preSolution
		HideSolutionNode = FALSE
	EndGlobalSection
	GlobalSection(ExtensibilityGlobals) = postSolution
		SolutionGuid = {6D0E47B8-3E4A-4ECD-A37D-019515857EC8}
	EndGlobalSection
EndGlobal
